
Microsoft Visual Studio Solution File, Format Version 12.00
# Visual Studio Version 17
VisualStudioVersion = 17.8.34525.116
MinimumVisualStudioVersion = 10.0.40219.1
Project("{FAE04EC0-301F-11D3-BF4B-00C04F79EFBC}") = "Project", "Project.csproj", "{BABB5711-E82B-4287-B136-D38984BD754E}"
EndProject
Global
	GlobalSection(SolutionConfigurationPlatforms) = preSolution
		Debug|Any CPU = Debug|Any CPU
		Release|Any CPU = Release|Any CPU
	EndGlobalSection
	GlobalSection(ProjectConfigurationPlatforms) = postSolution
		{BABB5711-E82B-4287-B136-D38984BD754E}.Debug|Any CPU.ActiveCfg = Debug|Any CPU
		{BABB5711-E82B-4287-B136-D38984BD754E}.Debug|Any CPU.Build.0 = Debug|Any CPU
		{BABB5711-E82B-4287-B136-D38984BD754E}.Release|Any CPU.ActiveCfg = Release|Any CPU
		{BABB5711-E82B-4287-B136-D38984BD754E}.Release|Any CPU.Build.0 = Release|Any CPU
	EndGlobalSection
	GlobalSection(SolutionProperties) = preSolution
		HideSolutionNode = FALSE
	EndGlobalSection
	GlobalSection(ExtensibilityGlobals) = postSolution
		SolutionGuid = {F7B4E09B-3008-4D78-979B-E31DD585B618}
	EndGlobalSection
EndGlobal
